
Microsoft Visual Studio Solution File, Format Version 12.00
# Visual Studio Version 17
VisualStudioVersion = 17.14.36414.22
MinimumVisualStudioVersion = 10.0.40219.1
Project("{2150E333-8FDC-42A3-9474-1A3956D46DE8}") = "Task0", "Task0", "{02EA681E-C7D8-13C7-8484-4AC65E1B71E8}"
EndProject
Project("{FAE04EC0-301F-11D3-BF4B-00C04F79EFBC}") = "Tyuiu.Kucherenkonm.Sprint0.Task0.V0", "Tyuiu.Kucherenkonm.Sprint0.Task0.V0\Tyuiu.Kucherenkonm.Sprint0.Task0.V0.csproj", "{F83CAC77-ABB7-4862-B99C-F95F7C25A4CE}"
EndProject
Project("{2150E333-8FDC-42A3-9474-1A3956D46DE8}") = "Task1", "Task1", "{5201A3FE-5CB0-41F1-843E-28A18F9F5B7E}"
EndProject
Project("{FAE04EC0-301F-11D3-BF4B-00C04F79EFBC}") = "Tyuiu.Kucherenkonm.Sprint0.Task1.V0", "Tyuiu.Kucherenkonm.Sprint0.Task1.V0\Tyuiu.Kucherenkonm.Sprint0.Task1.V0.csproj", "{1F0110CA-17C2-4459-B425-7A4876B40890}"
EndProject
Project("{2150E333-8FDC-42A3-9474-1A3956D46DE8}") = "Task2", "Task2", "{5087FD65-A659-494B-A28D-0276084AAEAE}"
EndProject
Project("{FAE04EC0-301F-11D3-BF4B-00C04F79EFBC}") = "Tyuiu.Kucherenkonm.Sprint0.Task2.V0", "Tyuiu.Kucherenkonm.Sprint0.Task2.V0\Tyuiu.Kucherenkonm.Sprint0.Task2.V0.csproj", "{74B964DD-8797-4443-BB9D-0C5D6BFDE5D8}"
EndProject
Project("{FAE04EC0-301F-11D3-BF4B-00C04F79EFBC}") = "Tyuiu.Kucherenkonm.Sprint0.Task2.V0.Lib", "Tyuiu.Kucherenkonm.Sprint0.Task2.V0.Lib\Tyuiu.Kucherenkonm.Sprint0.Task2.V0.Lib.csproj", "{2044621C-F24E-43F4-983A-879DE4F02FC5}"
EndProject
Project("{FAE04EC0-301F-11D3-BF4B-00C04F79EFBC}") = "Tyuiu.Kucherenkonm.Sprint0.Task2.V0.Test", "Tyuiu.Kucherenkonm.Sprint0.Task2.V0.Test\Tyuiu.Kucherenkonm.Sprint0.Task2.V0.Test.csproj", "{94378722-035F-4B14-B8C5-1CF34127755C}"
EndProject
Project("{2150E333-8FDC-42A3-9474-1A3956D46DE8}") = "Task3", "Task3", "{99B81C47-744F-46C1-B840-D3DCC85F1E62}"
EndProject
Project("{FAE04EC0-301F-11D3-BF4B-00C04F79EFBC}") = "Tyuiu.Kucherenkonm.Sprint0.Task3.V0", "Tyuiu.Kucherenkonm.Sprint0.Task3.V0\Tyuiu.Kucherenkonm.Sprint0.Task3.V0.csproj", "{6930C1D1-38A9-4205-BEDC-8F01492D2AC3}"
EndProject
Project("{FAE04EC0-301F-11D3-BF4B-00C04F79EFBC}") = "Tyuiu.Kucherenkonm.Sprint0.Task3.V0.Test", "Tyuiu.Kucherenkonm.Sprint0.Task3.V0.Test\Tyuiu.Kucherenkonm.Sprint0.Task3.V0.Test.csproj", "{7163C1B6-38D8-46BC-8E4F-3ABA55F2EC5D}"
EndProject
Project("{FAE04EC0-301F-11D3-BF4B-00C04F79EFBC}") = "Tyuiu.Kucherenkonm.Sprint0.Task3.V0.Lib", "Tyuiu.Kucherenkonm.Sprint0.Task3.V0.Lib\Tyuiu.Kucherenkonm.Sprint0.Task3.V0.Lib.csproj", "{AEE8C8E7-9CC9-42B7-88F9-37FF2ABEF37B}"
EndProject
Project("{2150E333-8FDC-42A3-9474-1A3956D46DE8}") = "Task4", "Task4", "{99939489-46F6-4A98-941E-727DFCE21889}"
EndProject
Project("{FAE04EC0-301F-11D3-BF4B-00C04F79EFBC}") = "Tyuiu.Kucherenkonm.Sprint0.Task4.V0", "Tyuiu.Kucherenkonm.Sprint0.Task4.V0\Tyuiu.Kucherenkonm.Sprint0.Task4.V0.csproj", "{09313CA2-9DB7-4E16-AE18-708257C7F124}"
EndProject
Project("{FAE04EC0-301F-11D3-BF4B-00C04F79EFBC}") = "Tyuiu.Kucherenkonm.Sprint0.Task4.V0.Test", "Tyuiu.Kucherenkonm.Sprint0.Task4.V0.Test\Tyuiu.Kucherenkonm.Sprint0.Task4.V0.Test.csproj", "{FB97D01F-9E54-4A75-AA22-C1422F8374D2}"
EndProject
Project("{FAE04EC0-301F-11D3-BF4B-00C04F79EFBC}") = "Tyuiu.Kucherenkonm.Sprint0.Task4.V0.Lib", "Tyuiu.Kucherenkonm.Sprint0.Task4.V0.Lib\Tyuiu.Kucherenkonm.Sprint0.Task4.V0.Lib.csproj", "{22E66943-4B3B-4311-8731-E6DA1336A5C1}"
EndProject
Project("{2150E333-8FDC-42A3-9474-1A3956D46DE8}") = "Task5", "Task5", "{735BBFAA-F047-41D7-95BF-A53C37105A62}"
EndProject
Project("{FAE04EC0-301F-11D3-BF4B-00C04F79EFBC}") = "Tyuiu.Kucherenkonm.Sprint0.Task5.V0.Lib", "Tyuiu.Kucherenkonm.Sprint0.Task5.V0.Lib\Tyuiu.Kucherenkonm.Sprint0.Task5.V0.Lib.csproj", "{A0B91F4A-60FF-4D41-8957-FE14F6D8C145}"
EndProject
Project("{FAE04EC0-301F-11D3-BF4B-00C04F79EFBC}") = "Tyuiu.Kucherenkonm.Sprint0.Task5.V0.Test", "Tyuiu.Kucherenkonm.Sprint0.Task5.V0.Test\Tyuiu.Kucherenkonm.Sprint0.Task5.V0.Test.csproj", "{7C9C0999-8A61-4139-86BD-943C7C03B445}"
EndProject
Project("{FAE04EC0-301F-11D3-BF4B-00C04F79EFBC}") = "Tyuiu.Kucherenkonm.Sprint0.Task5.V0", "Tyuiu.Kucherenkonm.Sprint0.Task5.V0\Tyuiu.Kucherenkonm.Sprint0.Task5.V0.csproj", "{24175895-750B-42D0-96DB-2B1827FFBFB9}"
EndProject
Project("{2150E333-8FDC-42A3-9474-1A3956D46DE8}") = "Task6", "Task6", "{B5A38B53-BA59-4992-BFF2-B5CB68F35E2A}"
EndProject
Project("{FAE04EC0-301F-11D3-BF4B-00C04F79EFBC}") = "Tyuiu.Kucherenkonm.Sprint0.Task6.V0", "Tyuiu.Kucherenkonm.Sprint0.Task6.V0\Tyuiu.Kucherenkonm.Sprint0.Task6.V0.csproj", "{313942C5-DFF7-4C97-96D1-CDED5D0605D5}"
EndProject
Project("{FAE04EC0-301F-11D3-BF4B-00C04F79EFBC}") = "Tyuiu.Kucherenkonm.Sprint0.Task6.V0.Test", "Tyuiu.Kucherenkonm.Sprint0.Task6.V0.Test\Tyuiu.Kucherenkonm.Sprint0.Task6.V0.Test.csproj", "{BC9EBA43-EC92-45B7-8E31-AC3727E91BD9}"
EndProject
Project("{FAE04EC0-301F-11D3-BF4B-00C04F79EFBC}") = "Tyuiu.Kucherenkonm.Sprint0.Task6.V0.Lib", "Tyuiu.Kucherenkonm.Sprint0.Task6.V0.Lib\Tyuiu.Kucherenkonm.Sprint0.Task6.V0.Lib.csproj", "{6B3739AD-B7C9-4002-8B22-FA27A2BEB23C}"
EndProject
Global
	GlobalSection(SolutionConfigurationPlatforms) = preSolution
		Debug|Any CPU = Debug|Any CPU
		Release|Any CPU = Release|Any CPU
	EndGlobalSection
	GlobalSection(ProjectConfigurationPlatforms) = postSolution
		{F83CAC77-ABB7-4862-B99C-F95F7C25A4CE}.Debug|Any CPU.ActiveCfg = Debug|Any CPU
		{F83CAC77-ABB7-4862-B99C-F95F7C25A4CE}.Debug|Any CPU.Build.0 = Debug|Any CPU
		{F83CAC77-ABB7-4862-B99C-F95F7C25A4CE}.Release|Any CPU.ActiveCfg = Release|Any CPU
		{F83CAC77-ABB7-4862-B99C-F95F7C25A4CE}.Release|Any CPU.Build.0 = Release|Any CPU
		{1F0110CA-17C2-4459-B425-7A4876B40890}.Debug|Any CPU.ActiveCfg = Debug|Any CPU
		{1F0110CA-17C2-4459-B425-7A4876B40890}.Debug|Any CPU.Build.0 = Debug|Any CPU
		{1F0110CA-17C2-4459-B425-7A4876B40890}.Release|Any CPU.ActiveCfg = Release|Any CPU
		{1F0110CA-17C2-4459-B425-7A4876B40890}.Release|Any CPU.Build.0 = Release|Any CPU
		{74B964DD-8797-4443-BB9D-0C5D6BFDE5D8}.Debug|Any CPU.ActiveCfg = Debug|Any CPU
		{74B964DD-8797-4443-BB9D-0C5D6BFDE5D8}.Debug|Any CPU.Build.0 = Debug|Any CPU
		{74B964DD-8797-4443-BB9D-0C5D6BFDE5D8}.Release|Any CPU.ActiveCfg = Release|Any CPU
		{74B964DD-8797-4443-BB9D-0C5D6BFDE5D8}.Release|Any CPU.Build.0 = Release|Any CPU
		{2044621C-F24E-43F4-983A-879DE4F02FC5}.Debug|Any CPU.ActiveCfg = Debug|Any CPU
		{2044621C-F24E-43F4-983A-879DE4F02FC5}.Debug|Any CPU.Build.0 = Debug|Any CPU
		{2044621C-F24E-43F4-983A-879DE4F02FC5}.Release|Any CPU.ActiveCfg = Release|Any CPU
		{2044621C-F24E-43F4-983A-879DE4F02FC5}.Release|Any CPU.Build.0 = Release|Any CPU
		{94378722-035F-4B14-B8C5-1CF34127755C}.Debug|Any CPU.ActiveCfg = Debug|Any CPU
		{94378722-035F-4B14-B8C5-1CF34127755C}.Debug|Any CPU.Build.0 = Debug|Any CPU
		{94378722-035F-4B14-B8C5-1CF34127755C}.Release|Any CPU.ActiveCfg = Release|Any CPU
		{94378722-035F-4B14-B8C5-1CF34127755C}.Release|Any CPU.Build.0 = Release|Any CPU
		{6930C1D1-38A9-4205-BEDC-8F01492D2AC3}.Debug|Any CPU.ActiveCfg = Debug|Any CPU
		{6930C1D1-38A9-4205-BEDC-8F01492D2AC3}.Debug|Any CPU.Build.0 = Debug|Any CPU
		{6930C1D1-38A9-4205-BEDC-8F01492D2AC3}.Release|Any CPU.ActiveCfg = Release|Any CPU
		{6930C1D1-38A9-4205-BEDC-8F01492D2AC3}.Release|Any CPU.Build.0 = Release|Any CPU
		{7163C1B6-38D8-46BC-8E4F-3ABA55F2EC5D}.Debug|Any CPU.ActiveCfg = Debug|Any CPU
		{7163C1B6-38D8-46BC-8E4F-3ABA55F2EC5D}.Debug|Any CPU.Build.0 = Debug|Any CPU
		{7163C1B6-38D8-46BC-8E4F-3ABA55F2EC5D}.Release|Any CPU.ActiveCfg = Release|Any CPU
		{7163C1B6-38D8-46BC-8E4F-3ABA55F2EC5D}.Release|Any CPU.Build.0 = Release|Any CPU
		{AEE8C8E7-9CC9-42B7-88F9-37FF2ABEF37B}.Debug|Any CPU.ActiveCfg = Debug|Any CPU
		{AEE8C8E7-9CC9-42B7-88F9-37FF2ABEF37B}.Debug|Any CPU.Build.0 = Debug|Any CPU
		{AEE8C8E7-9CC9-42B7-88F9-37FF2ABEF37B}.Release|Any CPU.ActiveCfg = Release|Any CPU
		{AEE8C8E7-9CC9-42B7-88F9-37FF2ABEF37B}.Release|Any CPU.Build.0 = Release|Any CPU
		{09313CA2-9DB7-4E16-AE18-708257C7F124}.Debug|Any CPU.ActiveCfg = Debug|Any CPU
		{09313CA2-9DB7-4E16-AE18-708257C7F124}.Debug|Any CPU.Build.0 = Debug|Any CPU
		{09313CA2-9DB7-4E16-AE18-708257C7F124}.Release|Any CPU.ActiveCfg = Release|Any CPU
		{09313CA2-9DB7-4E16-AE18-708257C7F124}.Release|Any CPU.Build.0 = Release|Any CPU
		{FB97D01F-9E54-4A75-AA22-C1422F8374D2}.Debug|Any CPU.ActiveCfg = Debug|Any CPU
		{FB97D01F-9E54-4A75-AA22-C1422F8374D2}.Debug|Any CPU.Build.0 = Debug|Any CPU
		{FB97D01F-9E54-4A75-AA22-C1422F8374D2}.Release|Any CPU.ActiveCfg = Release|Any CPU
		{FB97D01F-9E54-4A75-AA22-C1422F8374D2}.Release|Any CPU.Build.0 = Release|Any CPU
		{22E66943-4B3B-4311-8731-E6DA1336A5C1}.Debug|Any CPU.ActiveCfg = Debug|Any CPU
		{22E66943-4B3B-4311-8731-E6DA1336A5C1}.Debug|Any CPU.Build.0 = Debug|Any CPU
		{22E66943-4B3B-4311-8731-E6DA1336A5C1}.Release|Any CPU.ActiveCfg = Release|Any CPU
		{22E66943-4B3B-4311-8731-E6DA1336A5C1}.Release|Any CPU.Build.0 = Release|Any CPU
		{A0B91F4A-60FF-4D41-8957-FE14F6D8C145}.Debug|Any CPU.ActiveCfg = Debug|Any CPU
		{A0B91F4A-60FF-4D41-8957-FE14F6D8C145}.Debug|Any CPU.Build.0 = Debug|Any CPU
		{A0B91F4A-60FF-4D41-8957-FE14F6D8C145}.Release|Any CPU.ActiveCfg = Release|Any CPU
		{A0B91F4A-60FF-4D41-8957-FE14F6D8C145}.Release|Any CPU.Build.0 = Release|Any CPU
		{7C9C0999-8A61-4139-86BD-943C7C03B445}.Debug|Any CPU.ActiveCfg = Debug|Any CPU
		{7C9C0999-8A61-4139-86BD-943C7C03B445}.Debug|Any CPU.Build.0 = Debug|Any CPU
		{7C9C0999-8A61-4139-86BD-943C7C03B445}.Release|Any CPU.ActiveCfg = Release|Any CPU
		{7C9C0999-8A61-4139-86BD-943C7C03B445}.Release|Any CPU.Build.0 = Release|Any CPU
		{24175895-750B-42D0-96DB-2B1827FFBFB9}.Debug|Any CPU.ActiveCfg = Debug|Any CPU
		{24175895-750B-42D0-96DB-2B1827FFBFB9}.Debug|Any CPU.Build.0 = Debug|Any CPU
		{24175895-750B-42D0-96DB-2B1827FFBFB9}.Release|Any CPU.ActiveCfg = Release|Any CPU
		{24175895-750B-42D0-96DB-2B1827FFBFB9}.Release|Any CPU.Build.0 = Release|Any CPU
		{313942C5-DFF7-4C97-96D1-CDED5D0605D5}.Debug|Any CPU.ActiveCfg = Debug|Any CPU
		{313942C5-DFF7-4C97-96D1-CDED5D0605D5}.Debug|Any CPU.Build.0 = Debug|Any CPU
		{313942C5-DFF7-4C97-96D1-CDED5D0605D5}.Release|Any CPU.ActiveCfg = Release|Any CPU
		{313942C5-DFF7-4C97-96D1-CDED5D0605D5}.Release|Any CPU.Build.0 = Release|Any CPU
		{BC9EBA43-EC92-45B7-8E31-AC3727E91BD9}.Debug|Any CPU.ActiveCfg = Debug|Any CPU
		{BC9EBA43-EC92-45B7-8E31-AC3727E91BD9}.Debug|Any CPU.Build.0 = Debug|Any CPU
		{BC9EBA43-EC92-45B7-8E31-AC3727E91BD9}.Release|Any CPU.ActiveCfg = Release|Any CPU
		{BC9EBA43-EC92-45B7-8E31-AC3727E91BD9}.Release|Any CPU.Build.0 = Release|Any CPU
		{6B3739AD-B7C9-4002-8B22-FA27A2BEB23C}.Debug|Any CPU.ActiveCfg = Debug|Any CPU
		{6B3739AD-B7C9-4002-8B22-FA27A2BEB23C}.Debug|Any CPU.Build.0 = Debug|Any CPU
		{6B3739AD-B7C9-4002-8B22-FA27A2BEB23C}.Release|Any CPU.ActiveCfg = Release|Any CPU
		{6B3739AD-B7C9-4002-8B22-FA27A2BEB23C}.Release|Any CPU.Build.0 = Release|Any CPU
	EndGlobalSection
	GlobalSection(SolutionProperties) = preSolution
		HideSolutionNode = FALSE
	EndGlobalSection
	GlobalSection(NestedProjects) = preSolution
		{F83CAC77-ABB7-4862-B99C-F95F7C25A4CE} = {02EA681E-C7D8-13C7-8484-4AC65E1B71E8}
		{1F0110CA-17C2-4459-B425-7A4876B40890} = {5201A3FE-5CB0-41F1-843E-28A18F9F5B7E}
		{74B964DD-8797-4443-BB9D-0C5D6BFDE5D8} = {5087FD65-A659-494B-A28D-0276084AAEAE}
		{2044621C-F24E-43F4-983A-879DE4F02FC5} = {5087FD65-A659-494B-A28D-0276084AAEAE}
		{94378722-035F-4B14-B8C5-1CF34127755C} = {5087FD65-A659-494B-A28D-0276084AAEAE}
		{6930C1D1-38A9-4205-BEDC-8F01492D2AC3} = {99B81C47-744F-46C1-B840-D3DCC85F1E62}
		{7163C1B6-38D8-46BC-8E4F-3ABA55F2EC5D} = {99B81C47-744F-46C1-B840-D3DCC85F1E62}
		{AEE8C8E7-9CC9-42B7-88F9-37FF2ABEF37B} = {99B81C47-744F-46C1-B840-D3DCC85F1E62}
		{09313CA2-9DB7-4E16-AE18-708257C7F124} = {99939489-46F6-4A98-941E-727DFCE21889}
		{FB97D01F-9E54-4A75-AA22-C1422F8374D2} = {99939489-46F6-4A98-941E-727DFCE21889}
		{22E66943-4B3B-4311-8731-E6DA1336A5C1} = {99939489-46F6-4A98-941E-727DFCE21889}
		{A0B91F4A-60FF-4D41-8957-FE14F6D8C145} = {735BBFAA-F047-41D7-95BF-A53C37105A62}
		{7C9C0999-8A61-4139-86BD-943C7C03B445} = {735BBFAA-F047-41D7-95BF-A53C37105A62}
		{24175895-750B-42D0-96DB-2B1827FFBFB9} = {735BBFAA-F047-41D7-95BF-A53C37105A62}
		{313942C5-DFF7-4C97-96D1-CDED5D0605D5} = {B5A38B53-BA59-4992-BFF2-B5CB68F35E2A}
		{BC9EBA43-EC92-45B7-8E31-AC3727E91BD9} = {B5A38B53-BA59-4992-BFF2-B5CB68F35E2A}
		{6B3739AD-B7C9-4002-8B22-FA27A2BEB23C} = {B5A38B53-BA59-4992-BFF2-B5CB68F35E2A}
	EndGlobalSection
	GlobalSection(ExtensibilityGlobals) = postSolution
		SolutionGuid = {D2F1B2C6-89BF-4C43-BECB-56EED5F4087F}
	EndGlobalSection
EndGlobal
